
Microsoft Visual Studio Solution File, Format Version 12.00
# Visual Studio Version 17
VisualStudioVersion = 17.9.34728.123
MinimumVisualStudioVersion = 10.0.40219.1
Project("{FAE04EC0-301F-11D3-BF4B-00C04F79EFBC}") = "identity", "identity\identity.csproj", "{329D3E2A-5A70-47AF-BFF9-D68380982CE0}"
EndProject
Global
	GlobalSection(SolutionConfigurationPlatforms) = preSolution
		Debug|Any CPU = Debug|Any CPU
		Release|Any CPU = Release|Any CPU
	EndGlobalSection
	GlobalSection(ProjectConfigurationPlatforms) = postSolution
		{329D3E2A-5A70-47AF-BFF9-D68380982CE0}.Debug|Any CPU.ActiveCfg = Debug|Any CPU
		{329D3E2A-5A70-47AF-BFF9-D68380982CE0}.Debug|Any CPU.Build.0 = Debug|Any CPU
		{329D3E2A-5A70-47AF-BFF9-D68380982CE0}.Release|Any CPU.ActiveCfg = Release|Any CPU
		{329D3E2A-5A70-47AF-BFF9-D68380982CE0}.Release|Any CPU.Build.0 = Release|Any CPU
	EndGlobalSection
	GlobalSection(SolutionProperties) = preSolution
		HideSolutionNode = FALSE
	EndGlobalSection
	GlobalSection(ExtensibilityGlobals) = postSolution
		SolutionGuid = {C0B75439-9A6F-4056-B6F0-EB132361846B}
	EndGlobalSection
EndGlobal
